{
  "name": "ProyectoFinalAP-AndresGenaisir",
  "lockfileVersion": 2,
  "requires": true,
  "packages": {
    "": {
      "dependencies": {
        "ng-circle-progress": "^1.7.1",
        "ngx-print": "^1.2.1"
      }
    },
    "node_modules/@angular/common": {
      "version": "15.2.2",
      "resolved": "https://registry.npmjs.org/@angular/common/-/common-15.2.2.tgz",
      "integrity": "sha512-407yHyMR5CGFWjZPeiBNHa4UKwOTTMCNn7gmfi243AxIaPjIHwCDvIOx2w5OfrV+OUKSMIuqMRHLP4eUYkJDjA==",
      "peer": true,
      "dependencies": {
        "tslib": "^2.3.0"
      },
      "engines": {
        "node": "^14.20.0 || ^16.13.0 || >=18.10.0"
      },
      "peerDependencies": {
        "@angular/core": "15.2.2",
        "rxjs": "^6.5.3 || ^7.4.0"
      }
    },
    "node_modules/@angular/core": {
      "version": "15.2.2",
      "resolved": "https://registry.npmjs.org/@angular/core/-/core-15.2.2.tgz",
      "integrity": "sha512-Rn9LKeeryV0hVrOxlOPnQJdgUxbKdB8NByhptzB6XSzZ0ODx0ZN+iYVRLqu0Fu95zh5oSeYYU+2yT6+FIIX65w==",
      "peer": true,
      "dependencies": {
        "tslib": "^2.3.0"
      },
      "engines": {
        "node": "^14.20.0 || ^16.13.0 || >=18.10.0"
      },
      "peerDependencies": {
        "rxjs": "^6.5.3 || ^7.4.0",
        "zone.js": "~0.11.4 || ~0.12.0 || ~0.13.0"
      }
    },
    "node_modules/ng-circle-progress": {
      "version": "1.7.1",
      "resolved": "https://registry.npmjs.org/ng-circle-progress/-/ng-circle-progress-1.7.1.tgz",
      "integrity": "sha512-XAsd/FRWC4lqO7pUakwniO1c+ew3zr+Un/pZ58aqdE1aq3iS7kquxDmzOOCZ2XoUhU/6vC31e/DSYHvlHhITkA==",
      "dependencies": {
        "tslib": "^2.0.0"
      },
      "peerDependencies": {
        "@angular/common": ">=14.0.0",
        "@angular/core": ">=14.0.0",
        "rxjs": ">=6.4.0"
      }
    },
    "node_modules/ngx-print": {
      "version": "1.2.1",
      "resolved": "https://registry.npmjs.org/ngx-print/-/ngx-print-1.2.1.tgz",
      "integrity": "sha512-+xz5wbVO9N5vAT/W6dgTzbE1RBB1jUeBOSF04Gs66QqTrb46paRAjHgqMr4TvE8CUiTp5aMmkL54QEKat9gj6w==",
      "dependencies": {
        "tslib": "^1.9.3"
      },
      "peerDependencies": {
        "@angular/common": "*",
        "@angular/core": "*"
      }
    },
    "node_modules/ngx-print/node_modules/tslib": {
      "version": "1.14.1",
      "resolved": "https://registry.npmjs.org/tslib/-/tslib-1.14.1.tgz",
      "integrity": "sha512-Xni35NKzjgMrwevysHTCArtLDpPvye8zV/0E4EyYn43P7/7qvQwPh9BGkHewbMulVntbigmcT7rdX3BNo9wRJg=="
    },
    "node_modules/rxjs": {
      "version": "7.8.0",
      "resolved": "https://registry.npmjs.org/rxjs/-/rxjs-7.8.0.tgz",
      "integrity": "sha512-F2+gxDshqmIub1KdvZkaEfGDwLNpPvk9Fs6LD/MyQxNgMds/WH9OdDDXOmxUZpME+iSK3rQCctkL0DYyytUqMg==",
      "peer": true,
      "dependencies": {
        "tslib": "^2.1.0"
      }
    },
    "node_modules/tslib": {
      "version": "2.5.0",
      "resolved": "https://registry.npmjs.org/tslib/-/tslib-2.5.0.tgz",
      "integrity": "sha512-336iVw3rtn2BUK7ORdIAHTyxHGRIHVReokCR3XjbckJMK7ms8FysBfhLR8IXnAgy7T0PTPNBWKiH514FOW/WSg=="
    },
    "node_modules/zone.js": {
      "version": "0.13.0",
      "resolved": "https://registry.npmjs.org/zone.js/-/zone.js-0.13.0.tgz",
      "integrity": "sha512-7m3hNNyswsdoDobCkYNAy5WiUulkMd3+fWaGT9ij6iq3Zr/IwJo4RMCYPSDjT+r7tnPErmY9sZpKhWQ8S5k6XQ==",
      "peer": true,
      "dependencies": {
        "tslib": "^2.3.0"
      }
    }
  },
  "dependencies": {
    "@angular/common": {
      "version": "15.2.2",
      "resolved": "https://registry.npmjs.org/@angular/common/-/common-15.2.2.tgz",
      "integrity": "sha512-407yHyMR5CGFWjZPeiBNHa4UKwOTTMCNn7gmfi243AxIaPjIHwCDvIOx2w5OfrV+OUKSMIuqMRHLP4eUYkJDjA==",
      "peer": true,
      "requires": {
        "tslib": "^2.3.0"
      }
    },
    "@angular/core": {
      "version": "15.2.2",
      "resolved": "https://registry.npmjs.org/@angular/core/-/core-15.2.2.tgz",
      "integrity": "sha512-Rn9LKeeryV0hVrOxlOPnQJdgUxbKdB8NByhptzB6XSzZ0ODx0ZN+iYVRLqu0Fu95zh5oSeYYU+2yT6+FIIX65w==",
      "peer": true,
      "requires": {
        "tslib": "^2.3.0"
      }
    },
    "ng-circle-progress": {
      "version": "1.7.1",
      "resolved": "https://registry.npmjs.org/ng-circle-progress/-/ng-circle-progress-1.7.1.tgz",
      "integrity": "sha512-XAsd/FRWC4lqO7pUakwniO1c+ew3zr+Un/pZ58aqdE1aq3iS7kquxDmzOOCZ2XoUhU/6vC31e/DSYHvlHhITkA==",
      "requires": {
        "tslib": "^2.0.0"
      }
    },
    "ngx-print": {
      "version": "1.2.1",
      "resolved": "https://registry.npmjs.org/ngx-print/-/ngx-print-1.2.1.tgz",
      "integrity": "sha512-+xz5wbVO9N5vAT/W6dgTzbE1RBB1jUeBOSF04Gs66QqTrb46paRAjHgqMr4TvE8CUiTp5aMmkL54QEKat9gj6w==",
      "requires": {
        "tslib": "^1.9.3"
      },
      "dependencies": {
        "tslib": {
          "version": "1.14.1",
          "resolved": "https://registry.npmjs.org/tslib/-/tslib-1.14.1.tgz",
          "integrity": "sha512-Xni35NKzjgMrwevysHTCArtLDpPvye8zV/0E4EyYn43P7/7qvQwPh9BGkHewbMulVntbigmcT7rdX3BNo9wRJg=="
        }
      }
    },
    "rxjs": {
      "version": "7.8.0",
      "resolved": "https://registry.npmjs.org/rxjs/-/rxjs-7.8.0.tgz",
      "integrity": "sha512-F2+gxDshqmIub1KdvZkaEfGDwLNpPvk9Fs6LD/MyQxNgMds/WH9OdDDXOmxUZpME+iSK3rQCctkL0DYyytUqMg==",
      "peer": true,
      "requires": {
        "tslib": "^2.1.0"
      }
    },
    "tslib": {
      "version": "2.5.0",
      "resolved": "https://registry.npmjs.org/tslib/-/tslib-2.5.0.tgz",
      "integrity": "sha512-336iVw3rtn2BUK7ORdIAHTyxHGRIHVReokCR3XjbckJMK7ms8FysBfhLR8IXnAgy7T0PTPNBWKiH514FOW/WSg=="
    },
    "zone.js": {
      "version": "0.13.0",
      "resolved": "https://registry.npmjs.org/zone.js/-/zone.js-0.13.0.tgz",
      "integrity": "sha512-7m3hNNyswsdoDobCkYNAy5WiUulkMd3+fWaGT9ij6iq3Zr/IwJo4RMCYPSDjT+r7tnPErmY9sZpKhWQ8S5k6XQ==",
      "peer": true,
      "requires": {
        "tslib": "^2.3.0"
      }
    }
  }
}
